Microsoft Visual Studio Solution File, Format Version 12.00
# Visual Studio 15
VisualStudioVersion = 15.0.27703.2035
MinimumVisualStudioVersion = 10.0.40219.1
Project("{9A19103F-16F7-4668-BE54-9A1E7A4F7556}") = "IOTA", "IOTA.csproj", "{4018A38E-F8A1-4FEC-ADF2-0E2FF8946826}"
EndProject
Global
	GlobalSection(SolutionConfigurationPlatforms) = preSolution
		Debug|Any CPU = Debug|Any CPU
		Release|Any CPU = Release|Any CPU
	EndGlobalSection
	GlobalSection(ProjectConfigurationPlatforms) = postSolution
		{4018A38E-F8A1-4FEC-ADF2-0E2FF8946826}.Debug|Any CPU.ActiveCfg = Debug|Any CPU
		{4018A38E-F8A1-4FEC-ADF2-0E2FF8946826}.Debug|Any CPU.Build.0 = Debug|Any CPU
		{4018A38E-F8A1-4FEC-ADF2-0E2FF8946826}.Release|Any CPU.ActiveCfg = Release|Any CPU
		{4018A38E-F8A1-4FEC-ADF2-0E2FF8946826}.Release|Any CPU.Build.0 = Release|Any CPU
	EndGlobalSection
	GlobalSection(SolutionProperties) = preSolution
		HideSolutionNode = FALSE
	EndGlobalSection
	GlobalSection(ExtensibilityGlobals) = postSolution
		SolutionGuid = {39F1A4DD-DC11-442F-B500-ED1C982691B1}
	EndGlobalSection
EndGlobal
